
Microsoft Visual Studio Solution File, Format Version 12.00
# Visual Studio Version 17
VisualStudioVersion = 17.0.31903.59
MinimumVisualStudioVersion = 10.0.40219.1
Project("{FAE04EC0-301F-11D3-BF4B-00C04F79EFBC}") = "Contact.Api", "Contact.Api\Contact.Api.csproj", "{D834BB41-AFC9-413B-B94D-9179409E5A8C}"
EndProject
Project("{FAE04EC0-301F-11D3-BF4B-00C04F79EFBC}") = "Report.Api", "Report.Api\Report.Api.csproj", "{D6FF3F9F-69E9-4F63-BDFA-0221E30D118E}"
EndProject
Project("{FAE04EC0-301F-11D3-BF4B-00C04F79EFBC}") = "Shared.Library", "Shared.Library\Shared.Library.csproj", "{8B07CA07-FB33-41C0-90A9-2500C7214C5A}"
EndProject
Project("{FAE04EC0-301F-11D3-BF4B-00C04F79EFBC}") = "Contact.Api.Tests", "Contact.Api.Tests\Contact.Api.Tests.csproj", "{B08A0C3D-A964-453A-A199-F91F8AED5ADC}"
EndProject
Project("{FAE04EC0-301F-11D3-BF4B-00C04F79EFBC}") = "Report.Api.Tests", "Report.Api.Tests\Report.Api.Tests.csproj", "{05936431-027F-4903-9830-D0BB4542A97D}"
EndProject
Global
	GlobalSection(SolutionConfigurationPlatforms) = preSolution
		Debug|Any CPU = Debug|Any CPU
		Debug|x64 = Debug|x64
		Debug|x86 = Debug|x86
		Release|Any CPU = Release|Any CPU
		Release|x64 = Release|x64
		Release|x86 = Release|x86
	EndGlobalSection
	GlobalSection(ProjectConfigurationPlatforms) = postSolution
		{D834BB41-AFC9-413B-B94D-9179409E5A8C}.Debug|Any CPU.ActiveCfg = Debug|Any CPU
		{D834BB41-AFC9-413B-B94D-9179409E5A8C}.Debug|Any CPU.Build.0 = Debug|Any CPU
		{D834BB41-AFC9-413B-B94D-9179409E5A8C}.Debug|x64.ActiveCfg = Debug|Any CPU
		{D834BB41-AFC9-413B-B94D-9179409E5A8C}.Debug|x64.Build.0 = Debug|Any CPU
		{D834BB41-AFC9-413B-B94D-9179409E5A8C}.Debug|x86.ActiveCfg = Debug|Any CPU
		{D834BB41-AFC9-413B-B94D-9179409E5A8C}.Debug|x86.Build.0 = Debug|Any CPU
		{D834BB41-AFC9-413B-B94D-9179409E5A8C}.Release|Any CPU.ActiveCfg = Release|Any CPU
		{D834BB41-AFC9-413B-B94D-9179409E5A8C}.Release|Any CPU.Build.0 = Release|Any CPU
		{D834BB41-AFC9-413B-B94D-9179409E5A8C}.Release|x64.ActiveCfg = Release|Any CPU
		{D834BB41-AFC9-413B-B94D-9179409E5A8C}.Release|x64.Build.0 = Release|Any CPU
		{D834BB41-AFC9-413B-B94D-9179409E5A8C}.Release|x86.ActiveCfg = Release|Any CPU
		{D834BB41-AFC9-413B-B94D-9179409E5A8C}.Release|x86.Build.0 = Release|Any CPU
		{D6FF3F9F-69E9-4F63-BDFA-0221E30D118E}.Debug|Any CPU.ActiveCfg = Debug|Any CPU
		{D6FF3F9F-69E9-4F63-BDFA-0221E30D118E}.Debug|Any CPU.Build.0 = Debug|Any CPU
		{D6FF3F9F-69E9-4F63-BDFA-0221E30D118E}.Debug|x64.ActiveCfg = Debug|Any CPU
		{D6FF3F9F-69E9-4F63-BDFA-0221E30D118E}.Debug|x64.Build.0 = Debug|Any CPU
		{D6FF3F9F-69E9-4F63-BDFA-0221E30D118E}.Debug|x86.ActiveCfg = Debug|Any CPU
		{D6FF3F9F-69E9-4F63-BDFA-0221E30D118E}.Debug|x86.Build.0 = Debug|Any CPU
		{D6FF3F9F-69E9-4F63-BDFA-0221E30D118E}.Release|Any CPU.ActiveCfg = Release|Any CPU
		{D6FF3F9F-69E9-4F63-BDFA-0221E30D118E}.Release|Any CPU.Build.0 = Release|Any CPU
		{D6FF3F9F-69E9-4F63-BDFA-0221E30D118E}.Release|x64.ActiveCfg = Release|Any CPU
		{D6FF3F9F-69E9-4F63-BDFA-0221E30D118E}.Release|x64.Build.0 = Release|Any CPU
		{D6FF3F9F-69E9-4F63-BDFA-0221E30D118E}.Release|x86.ActiveCfg = Release|Any CPU
		{D6FF3F9F-69E9-4F63-BDFA-0221E30D118E}.Release|x86.Build.0 = Release|Any CPU
		{8B07CA07-FB33-41C0-90A9-2500C7214C5A}.Debug|Any CPU.ActiveCfg = Debug|Any CPU
		{8B07CA07-FB33-41C0-90A9-2500C7214C5A}.Debug|Any CPU.Build.0 = Debug|Any CPU
		{8B07CA07-FB33-41C0-90A9-2500C7214C5A}.Debug|x64.ActiveCfg = Debug|Any CPU
		{8B07CA07-FB33-41C0-90A9-2500C7214C5A}.Debug|x64.Build.0 = Debug|Any CPU
		{8B07CA07-FB33-41C0-90A9-2500C7214C5A}.Debug|x86.ActiveCfg = Debug|Any CPU
		{8B07CA07-FB33-41C0-90A9-2500C7214C5A}.Debug|x86.Build.0 = Debug|Any CPU
		{8B07CA07-FB33-41C0-90A9-2500C7214C5A}.Release|Any CPU.ActiveCfg = Release|Any CPU
		{8B07CA07-FB33-41C0-90A9-2500C7214C5A}.Release|Any CPU.Build.0 = Release|Any CPU
		{8B07CA07-FB33-41C0-90A9-2500C7214C5A}.Release|x64.ActiveCfg = Release|Any CPU
		{8B07CA07-FB33-41C0-90A9-2500C7214C5A}.Release|x64.Build.0 = Release|Any CPU
		{8B07CA07-FB33-41C0-90A9-2500C7214C5A}.Release|x86.ActiveCfg = Release|Any CPU
		{8B07CA07-FB33-41C0-90A9-2500C7214C5A}.Release|x86.Build.0 = Release|Any CPU
		{B08A0C3D-A964-453A-A199-F91F8AED5ADC}.Debug|Any CPU.ActiveCfg = Debug|Any CPU
		{B08A0C3D-A964-453A-A199-F91F8AED5ADC}.Debug|Any CPU.Build.0 = Debug|Any CPU
		{B08A0C3D-A964-453A-A199-F91F8AED5ADC}.Debug|x64.ActiveCfg = Debug|Any CPU
		{B08A0C3D-A964-453A-A199-F91F8AED5ADC}.Debug|x64.Build.0 = Debug|Any CPU
		{B08A0C3D-A964-453A-A199-F91F8AED5ADC}.Debug|x86.ActiveCfg = Debug|Any CPU
		{B08A0C3D-A964-453A-A199-F91F8AED5ADC}.Debug|x86.Build.0 = Debug|Any CPU
		{B08A0C3D-A964-453A-A199-F91F8AED5ADC}.Release|Any CPU.ActiveCfg = Release|Any CPU
		{B08A0C3D-A964-453A-A199-F91F8AED5ADC}.Release|Any CPU.Build.0 = Release|Any CPU
		{B08A0C3D-A964-453A-A199-F91F8AED5ADC}.Release|x64.ActiveCfg = Release|Any CPU
		{B08A0C3D-A964-453A-A199-F91F8AED5ADC}.Release|x64.Build.0 = Release|Any CPU
		{B08A0C3D-A964-453A-A199-F91F8AED5ADC}.Release|x86.ActiveCfg = Release|Any CPU
		{B08A0C3D-A964-453A-A199-F91F8AED5ADC}.Release|x86.Build.0 = Release|Any CPU
		{05936431-027F-4903-9830-D0BB4542A97D}.Debug|Any CPU.ActiveCfg = Debug|Any CPU
		{05936431-027F-4903-9830-D0BB4542A97D}.Debug|Any CPU.Build.0 = Debug|Any CPU
		{05936431-027F-4903-9830-D0BB4542A97D}.Debug|x64.ActiveCfg = Debug|Any CPU
		{05936431-027F-4903-9830-D0BB4542A97D}.Debug|x64.Build.0 = Debug|Any CPU
		{05936431-027F-4903-9830-D0BB4542A97D}.Debug|x86.ActiveCfg = Debug|Any CPU
		{05936431-027F-4903-9830-D0BB4542A97D}.Debug|x86.Build.0 = Debug|Any CPU
		{05936431-027F-4903-9830-D0BB4542A97D}.Release|Any CPU.ActiveCfg = Release|Any CPU
		{05936431-027F-4903-9830-D0BB4542A97D}.Release|Any CPU.Build.0 = Release|Any CPU
		{05936431-027F-4903-9830-D0BB4542A97D}.Release|x64.ActiveCfg = Release|Any CPU
		{05936431-027F-4903-9830-D0BB4542A97D}.Release|x64.Build.0 = Release|Any CPU
		{05936431-027F-4903-9830-D0BB4542A97D}.Release|x86.ActiveCfg = Release|Any CPU
		{05936431-027F-4903-9830-D0BB4542A97D}.Release|x86.Build.0 = Release|Any CPU
	EndGlobalSection
	GlobalSection(SolutionProperties) = preSolution
		HideSolutionNode = FALSE
	EndGlobalSection
EndGlobal
